
Microsoft Visual Studio Solution File, Format Version 12.00
# Visual Studio Version 17
VisualStudioVersion = 17.0.31903.59
MinimumVisualStudioVersion = 10.0.40219.1
Project("{2150E333-8FDC-42A3-9474-1A3956D46DE8}") = "src", "src", "{76A1FCC3-9044-4479-B36E-EC77A8972FA8}"
EndProject
Project("{2150E333-8FDC-42A3-9474-1A3956D46DE8}") = "pcp-client-dotnet", "pcp-client-dotnet", "{38E3A7EB-B73E-4A3A-8778-66DF2E397722}"
EndProject
Project("{2150E333-8FDC-42A3-9474-1A3956D46DE8}") = "src", "src", "{78E47A03-C888-48C5-B3BD-01219FBD27A0}"
EndProject
Project("{FAE04EC0-301F-11D3-BF4B-00C04F79EFBC}") = "PcpClient", "src\pcp-client-dotnet\src\PcpClient\PcpClient.csproj", "{F35D782C-686C-43C8-9879-F53A2C86682B}"
EndProject
Project("{2150E333-8FDC-42A3-9474-1A3956D46DE8}") = "tests", "tests", "{9F154A0F-CB75-4BF2-B457-EA04EA9F6E75}"
EndProject
Project("{FAE04EC0-301F-11D3-BF4B-00C04F79EFBC}") = "PcpClient.Tests", "src\pcp-client-dotnet\tests\PcpClient.Tests\PcpClient.Tests.csproj", "{1D93C361-4E20-4454-9676-2122802B05A6}"
EndProject
Project("{2150E333-8FDC-42A3-9474-1A3956D46DE8}") = "pcp-godot-bridge", "pcp-godot-bridge", "{DDFA8C34-5489-4829-BA63-E1360840C89B}"
EndProject
Project("{2150E333-8FDC-42A3-9474-1A3956D46DE8}") = "src", "src", "{68F908AC-16C2-4991-8236-4879134B798C}"
EndProject
Project("{FAE04EC0-301F-11D3-BF4B-00C04F79EFBC}") = "PcpGodotBridge", "src\pcp-godot-bridge\src\PcpGodotBridge\PcpGodotBridge.csproj", "{BE5A8998-DE97-4CB8-A481-3ADB700E3950}"
EndProject
Project("{2150E333-8FDC-42A3-9474-1A3956D46DE8}") = "tests", "tests", "{7CFE546D-D240-46AD-8A88-ABC2A7EC183A}"
EndProject
Project("{FAE04EC0-301F-11D3-BF4B-00C04F79EFBC}") = "PcpGodotBridge.Tests", "src\pcp-godot-bridge\tests\PcpGodotBridge.Tests\PcpGodotBridge.Tests.csproj", "{20746587-8ADC-4417-B954-2E20B71DFA6E}"
EndProject
Project("{2150E333-8FDC-42A3-9474-1A3956D46DE8}") = "pmview-host-projector", "pmview-host-projector", "{14970A9F-9C10-436D-9562-E1646A47E72F}"
EndProject
Project("{2150E333-8FDC-42A3-9474-1A3956D46DE8}") = "src", "src", "{623B3F04-CA22-4E99-AAA5-9AC58B47750C}"
EndProject
Project("{FAE04EC0-301F-11D3-BF4B-00C04F79EFBC}") = "PmviewHostProjector", "src\pmview-host-projector\src\PmviewHostProjector\PmviewHostProjector.csproj", "{08BEC0FD-15E5-49BA-924A-DCC5ACAA9D29}"
EndProject
Project("{2150E333-8FDC-42A3-9474-1A3956D46DE8}") = "tests", "tests", "{1394082C-34E0-4B30-9E0F-7092367F618A}"
EndProject
Project("{FAE04EC0-301F-11D3-BF4B-00C04F79EFBC}") = "PmviewHostProjector.Tests", "src\pmview-host-projector\tests\PmviewHostProjector.Tests\PmviewHostProjector.Tests.csproj", "{53EC7B7B-AE2F-4DBC-B64C-FFC176EC490F}"
EndProject
Project("{2150E333-8FDC-42A3-9474-1A3956D46DE8}") = "pmview-projection-core", "pmview-projection-core", "{A2F626F0-6522-7517-D7AB-1F443571A2F9}"
EndProject
Project("{2150E333-8FDC-42A3-9474-1A3956D46DE8}") = "src", "src", "{CFD429CE-D320-6A85-BDA5-2797F5858327}"
EndProject
Project("{FAE04EC0-301F-11D3-BF4B-00C04F79EFBC}") = "PmviewProjectionCore", "src\pmview-projection-core\src\PmviewProjectionCore\PmviewProjectionCore.csproj", "{6F0E78CF-ED5B-4472-BEE4-630409388E63}"
EndProject
Project("{2150E333-8FDC-42A3-9474-1A3956D46DE8}") = "tests", "tests", "{0C0472F6-FD52-A239-55ED-7B6CDC8679CC}"
EndProject
Project("{FAE04EC0-301F-11D3-BF4B-00C04F79EFBC}") = "PmviewProjectionCore.Tests", "src\pmview-projection-core\tests\PmviewProjectionCore.Tests\PmviewProjectionCore.Tests.csproj", "{0EDB8A04-CC43-4C28-9C44-D05A90539E3F}"
EndProject
Project("{2150E333-8FDC-42A3-9474-1A3956D46DE8}") = "pmview-app", "pmview-app", "{BC06BD5D-1152-4F99-7320-AC2F2271AC3A}"
EndProject
Project("{FAE04EC0-301F-11D3-BF4B-00C04F79EFBC}") = "pmview-app", "src\pmview-app\pmview-app.csproj", "{82393D83-026D-4751-AEE0-9CF4FF298442}"
EndProject
Global
	GlobalSection(SolutionConfigurationPlatforms) = preSolution
		Debug|Any CPU = Debug|Any CPU
		Debug|x64 = Debug|x64
		Debug|x86 = Debug|x86
		Release|Any CPU = Release|Any CPU
		Release|x64 = Release|x64
		Release|x86 = Release|x86
	EndGlobalSection
	GlobalSection(ProjectConfigurationPlatforms) = postSolution
		{F35D782C-686C-43C8-9879-F53A2C86682B}.Debug|Any CPU.ActiveCfg = Debug|Any CPU
		{F35D782C-686C-43C8-9879-F53A2C86682B}.Debug|Any CPU.Build.0 = Debug|Any CPU
		{F35D782C-686C-43C8-9879-F53A2C86682B}.Debug|x64.ActiveCfg = Debug|Any CPU
		{F35D782C-686C-43C8-9879-F53A2C86682B}.Debug|x64.Build.0 = Debug|Any CPU
		{F35D782C-686C-43C8-9879-F53A2C86682B}.Debug|x86.ActiveCfg = Debug|Any CPU
		{F35D782C-686C-43C8-9879-F53A2C86682B}.Debug|x86.Build.0 = Debug|Any CPU
		{F35D782C-686C-43C8-9879-F53A2C86682B}.Release|Any CPU.ActiveCfg = Release|Any CPU
		{F35D782C-686C-43C8-9879-F53A2C86682B}.Release|Any CPU.Build.0 = Release|Any CPU
		{F35D782C-686C-43C8-9879-F53A2C86682B}.Release|x64.ActiveCfg = Release|Any CPU
		{F35D782C-686C-43C8-9879-F53A2C86682B}.Release|x64.Build.0 = Release|Any CPU
		{F35D782C-686C-43C8-9879-F53A2C86682B}.Release|x86.ActiveCfg = Release|Any CPU
		{F35D782C-686C-43C8-9879-F53A2C86682B}.Release|x86.Build.0 = Release|Any CPU
		{1D93C361-4E20-4454-9676-2122802B05A6}.Debug|Any CPU.ActiveCfg = Debug|Any CPU
		{1D93C361-4E20-4454-9676-2122802B05A6}.Debug|Any CPU.Build.0 = Debug|Any CPU
		{1D93C361-4E20-4454-9676-2122802B05A6}.Debug|x64.ActiveCfg = Debug|Any CPU
		{1D93C361-4E20-4454-9676-2122802B05A6}.Debug|x64.Build.0 = Debug|Any CPU
		{1D93C361-4E20-4454-9676-2122802B05A6}.Debug|x86.ActiveCfg = Debug|Any CPU
		{1D93C361-4E20-4454-9676-2122802B05A6}.Debug|x86.Build.0 = Debug|Any CPU
		{1D93C361-4E20-4454-9676-2122802B05A6}.Release|Any CPU.ActiveCfg = Release|Any CPU
		{1D93C361-4E20-4454-9676-2122802B05A6}.Release|Any CPU.Build.0 = Release|Any CPU
		{1D93C361-4E20-4454-9676-2122802B05A6}.Release|x64.ActiveCfg = Release|Any CPU
		{1D93C361-4E20-4454-9676-2122802B05A6}.Release|x64.Build.0 = Release|Any CPU
		{1D93C361-4E20-4454-9676-2122802B05A6}.Release|x86.ActiveCfg = Release|Any CPU
		{1D93C361-4E20-4454-9676-2122802B05A6}.Release|x86.Build.0 = Release|Any CPU
		{BE5A8998-DE97-4CB8-A481-3ADB700E3950}.Debug|Any CPU.ActiveCfg = Debug|Any CPU
		{BE5A8998-DE97-4CB8-A481-3ADB700E3950}.Debug|Any CPU.Build.0 = Debug|Any CPU
		{BE5A8998-DE97-4CB8-A481-3ADB700E3950}.Debug|x64.ActiveCfg = Debug|Any CPU
		{BE5A8998-DE97-4CB8-A481-3ADB700E3950}.Debug|x64.Build.0 = Debug|Any CPU
		{BE5A8998-DE97-4CB8-A481-3ADB700E3950}.Debug|x86.ActiveCfg = Debug|Any CPU
		{BE5A8998-DE97-4CB8-A481-3ADB700E3950}.Debug|x86.Build.0 = Debug|Any CPU
		{BE5A8998-DE97-4CB8-A481-3ADB700E3950}.Release|Any CPU.ActiveCfg = Release|Any CPU
		{BE5A8998-DE97-4CB8-A481-3ADB700E3950}.Release|Any CPU.Build.0 = Release|Any CPU
		{BE5A8998-DE97-4CB8-A481-3ADB700E3950}.Release|x64.ActiveCfg = Release|Any CPU
		{BE5A8998-DE97-4CB8-A481-3ADB700E3950}.Release|x64.Build.0 = Release|Any CPU
		{BE5A8998-DE97-4CB8-A481-3ADB700E3950}.Release|x86.ActiveCfg = Release|Any CPU
		{BE5A8998-DE97-4CB8-A481-3ADB700E3950}.Release|x86.Build.0 = Release|Any CPU
		{20746587-8ADC-4417-B954-2E20B71DFA6E}.Debug|Any CPU.ActiveCfg = Debug|Any CPU
		{20746587-8ADC-4417-B954-2E20B71DFA6E}.Debug|Any CPU.Build.0 = Debug|Any CPU
		{20746587-8ADC-4417-B954-2E20B71DFA6E}.Debug|x64.ActiveCfg = Debug|Any CPU
		{20746587-8ADC-4417-B954-2E20B71DFA6E}.Debug|x64.Build.0 = Debug|Any CPU
		{20746587-8ADC-4417-B954-2E20B71DFA6E}.Debug|x86.ActiveCfg = Debug|Any CPU
		{20746587-8ADC-4417-B954-2E20B71DFA6E}.Debug|x86.Build.0 = Debug|Any CPU
		{20746587-8ADC-4417-B954-2E20B71DFA6E}.Release|Any CPU.ActiveCfg = Release|Any CPU
		{20746587-8ADC-4417-B954-2E20B71DFA6E}.Release|Any CPU.Build.0 = Release|Any CPU
		{20746587-8ADC-4417-B954-2E20B71DFA6E}.Release|x64.ActiveCfg = Release|Any CPU
		{20746587-8ADC-4417-B954-2E20B71DFA6E}.Release|x64.Build.0 = Release|Any CPU
		{20746587-8ADC-4417-B954-2E20B71DFA6E}.Release|x86.ActiveCfg = Release|Any CPU
		{20746587-8ADC-4417-B954-2E20B71DFA6E}.Release|x86.Build.0 = Release|Any CPU
		{08BEC0FD-15E5-49BA-924A-DCC5ACAA9D29}.Debug|Any CPU.ActiveCfg = Debug|Any CPU
		{08BEC0FD-15E5-49BA-924A-DCC5ACAA9D29}.Debug|Any CPU.Build.0 = Debug|Any CPU
		{08BEC0FD-15E5-49BA-924A-DCC5ACAA9D29}.Debug|x64.ActiveCfg = Debug|Any CPU
		{08BEC0FD-15E5-49BA-924A-DCC5ACAA9D29}.Debug|x64.Build.0 = Debug|Any CPU
		{08BEC0FD-15E5-49BA-924A-DCC5ACAA9D29}.Debug|x86.ActiveCfg = Debug|Any CPU
		{08BEC0FD-15E5-49BA-924A-DCC5ACAA9D29}.Debug|x86.Build.0 = Debug|Any CPU
		{08BEC0FD-15E5-49BA-924A-DCC5ACAA9D29}.Release|Any CPU.ActiveCfg = Release|Any CPU
		{08BEC0FD-15E5-49BA-924A-DCC5ACAA9D29}.Release|Any CPU.Build.0 = Release|Any CPU
		{08BEC0FD-15E5-49BA-924A-DCC5ACAA9D29}.Release|x64.ActiveCfg = Release|Any CPU
		{08BEC0FD-15E5-49BA-924A-DCC5ACAA9D29}.Release|x64.Build.0 = Release|Any CPU
		{08BEC0FD-15E5-49BA-924A-DCC5ACAA9D29}.Release|x86.ActiveCfg = Release|Any CPU
		{08BEC0FD-15E5-49BA-924A-DCC5ACAA9D29}.Release|x86.Build.0 = Release|Any CPU
		{53EC7B7B-AE2F-4DBC-B64C-FFC176EC490F}.Debug|Any CPU.ActiveCfg = Debug|Any CPU
		{53EC7B7B-AE2F-4DBC-B64C-FFC176EC490F}.Debug|Any CPU.Build.0 = Debug|Any CPU
		{53EC7B7B-AE2F-4DBC-B64C-FFC176EC490F}.Debug|x64.ActiveCfg = Debug|Any CPU
		{53EC7B7B-AE2F-4DBC-B64C-FFC176EC490F}.Debug|x64.Build.0 = Debug|Any CPU
		{53EC7B7B-AE2F-4DBC-B64C-FFC176EC490F}.Debug|x86.ActiveCfg = Debug|Any CPU
		{53EC7B7B-AE2F-4DBC-B64C-FFC176EC490F}.Debug|x86.Build.0 = Debug|Any CPU
		{53EC7B7B-AE2F-4DBC-B64C-FFC176EC490F}.Release|Any CPU.ActiveCfg = Release|Any CPU
		{53EC7B7B-AE2F-4DBC-B64C-FFC176EC490F}.Release|Any CPU.Build.0 = Release|Any CPU
		{53EC7B7B-AE2F-4DBC-B64C-FFC176EC490F}.Release|x64.ActiveCfg = Release|Any CPU
		{53EC7B7B-AE2F-4DBC-B64C-FFC176EC490F}.Release|x64.Build.0 = Release|Any CPU
		{53EC7B7B-AE2F-4DBC-B64C-FFC176EC490F}.Release|x86.ActiveCfg = Release|Any CPU
		{53EC7B7B-AE2F-4DBC-B64C-FFC176EC490F}.Release|x86.Build.0 = Release|Any CPU
		{6F0E78CF-ED5B-4472-BEE4-630409388E63}.Debug|Any CPU.ActiveCfg = Debug|Any CPU
		{6F0E78CF-ED5B-4472-BEE4-630409388E63}.Debug|Any CPU.Build.0 = Debug|Any CPU
		{6F0E78CF-ED5B-4472-BEE4-630409388E63}.Debug|x64.ActiveCfg = Debug|Any CPU
		{6F0E78CF-ED5B-4472-BEE4-630409388E63}.Debug|x64.Build.0 = Debug|Any CPU
		{6F0E78CF-ED5B-4472-BEE4-630409388E63}.Debug|x86.ActiveCfg = Debug|Any CPU
		{6F0E78CF-ED5B-4472-BEE4-630409388E63}.Debug|x86.Build.0 = Debug|Any CPU
		{6F0E78CF-ED5B-4472-BEE4-630409388E63}.Release|Any CPU.ActiveCfg = Release|Any CPU
		{6F0E78CF-ED5B-4472-BEE4-630409388E63}.Release|Any CPU.Build.0 = Release|Any CPU
		{6F0E78CF-ED5B-4472-BEE4-630409388E63}.Release|x64.ActiveCfg = Release|Any CPU
		{6F0E78CF-ED5B-4472-BEE4-630409388E63}.Release|x64.Build.0 = Release|Any CPU
		{6F0E78CF-ED5B-4472-BEE4-630409388E63}.Release|x86.ActiveCfg = Release|Any CPU
		{6F0E78CF-ED5B-4472-BEE4-630409388E63}.Release|x86.Build.0 = Release|Any CPU
		{0EDB8A04-CC43-4C28-9C44-D05A90539E3F}.Debug|Any CPU.ActiveCfg = Debug|Any CPU
		{0EDB8A04-CC43-4C28-9C44-D05A90539E3F}.Debug|Any CPU.Build.0 = Debug|Any CPU
		{0EDB8A04-CC43-4C28-9C44-D05A90539E3F}.Debug|x64.ActiveCfg = Debug|Any CPU
		{0EDB8A04-CC43-4C28-9C44-D05A90539E3F}.Debug|x64.Build.0 = Debug|Any CPU
		{0EDB8A04-CC43-4C28-9C44-D05A90539E3F}.Debug|x86.ActiveCfg = Debug|Any CPU
		{0EDB8A04-CC43-4C28-9C44-D05A90539E3F}.Debug|x86.Build.0 = Debug|Any CPU
		{0EDB8A04-CC43-4C28-9C44-D05A90539E3F}.Release|Any CPU.ActiveCfg = Release|Any CPU
		{0EDB8A04-CC43-4C28-9C44-D05A90539E3F}.Release|Any CPU.Build.0 = Release|Any CPU
		{0EDB8A04-CC43-4C28-9C44-D05A90539E3F}.Release|x64.ActiveCfg = Release|Any CPU
		{0EDB8A04-CC43-4C28-9C44-D05A90539E3F}.Release|x64.Build.0 = Release|Any CPU
		{0EDB8A04-CC43-4C28-9C44-D05A90539E3F}.Release|x86.ActiveCfg = Release|Any CPU
		{0EDB8A04-CC43-4C28-9C44-D05A90539E3F}.Release|x86.Build.0 = Release|Any CPU
		{82393D83-026D-4751-AEE0-9CF4FF298442}.Debug|Any CPU.ActiveCfg = Debug|Any CPU
		{82393D83-026D-4751-AEE0-9CF4FF298442}.Debug|Any CPU.Build.0 = Debug|Any CPU
		{82393D83-026D-4751-AEE0-9CF4FF298442}.Debug|x64.ActiveCfg = Debug|Any CPU
		{82393D83-026D-4751-AEE0-9CF4FF298442}.Debug|x64.Build.0 = Debug|Any CPU
		{82393D83-026D-4751-AEE0-9CF4FF298442}.Debug|x86.ActiveCfg = Debug|Any CPU
		{82393D83-026D-4751-AEE0-9CF4FF298442}.Debug|x86.Build.0 = Debug|Any CPU
		{82393D83-026D-4751-AEE0-9CF4FF298442}.Release|Any CPU.ActiveCfg = Debug|Any CPU
		{82393D83-026D-4751-AEE0-9CF4FF298442}.Release|Any CPU.Build.0 = Debug|Any CPU
		{82393D83-026D-4751-AEE0-9CF4FF298442}.Release|x64.ActiveCfg = Debug|Any CPU
		{82393D83-026D-4751-AEE0-9CF4FF298442}.Release|x64.Build.0 = Debug|Any CPU
		{82393D83-026D-4751-AEE0-9CF4FF298442}.Release|x86.ActiveCfg = Debug|Any CPU
		{82393D83-026D-4751-AEE0-9CF4FF298442}.Release|x86.Build.0 = Debug|Any CPU
	EndGlobalSection
	GlobalSection(SolutionProperties) = preSolution
		HideSolutionNode = FALSE
	EndGlobalSection
	GlobalSection(NestedProjects) = preSolution
		{38E3A7EB-B73E-4A3A-8778-66DF2E397722} = {76A1FCC3-9044-4479-B36E-EC77A8972FA8}
		{78E47A03-C888-48C5-B3BD-01219FBD27A0} = {38E3A7EB-B73E-4A3A-8778-66DF2E397722}
		{F35D782C-686C-43C8-9879-F53A2C86682B} = {78E47A03-C888-48C5-B3BD-01219FBD27A0}
		{9F154A0F-CB75-4BF2-B457-EA04EA9F6E75} = {38E3A7EB-B73E-4A3A-8778-66DF2E397722}
		{1D93C361-4E20-4454-9676-2122802B05A6} = {9F154A0F-CB75-4BF2-B457-EA04EA9F6E75}
		{DDFA8C34-5489-4829-BA63-E1360840C89B} = {76A1FCC3-9044-4479-B36E-EC77A8972FA8}
		{68F908AC-16C2-4991-8236-4879134B798C} = {DDFA8C34-5489-4829-BA63-E1360840C89B}
		{BE5A8998-DE97-4CB8-A481-3ADB700E3950} = {68F908AC-16C2-4991-8236-4879134B798C}
		{7CFE546D-D240-46AD-8A88-ABC2A7EC183A} = {DDFA8C34-5489-4829-BA63-E1360840C89B}
		{20746587-8ADC-4417-B954-2E20B71DFA6E} = {7CFE546D-D240-46AD-8A88-ABC2A7EC183A}
		{14970A9F-9C10-436D-9562-E1646A47E72F} = {76A1FCC3-9044-4479-B36E-EC77A8972FA8}
		{623B3F04-CA22-4E99-AAA5-9AC58B47750C} = {14970A9F-9C10-436D-9562-E1646A47E72F}
		{08BEC0FD-15E5-49BA-924A-DCC5ACAA9D29} = {623B3F04-CA22-4E99-AAA5-9AC58B47750C}
		{1394082C-34E0-4B30-9E0F-7092367F618A} = {14970A9F-9C10-436D-9562-E1646A47E72F}
		{53EC7B7B-AE2F-4DBC-B64C-FFC176EC490F} = {1394082C-34E0-4B30-9E0F-7092367F618A}
		{A2F626F0-6522-7517-D7AB-1F443571A2F9} = {76A1FCC3-9044-4479-B36E-EC77A8972FA8}
		{CFD429CE-D320-6A85-BDA5-2797F5858327} = {A2F626F0-6522-7517-D7AB-1F443571A2F9}
		{6F0E78CF-ED5B-4472-BEE4-630409388E63} = {CFD429CE-D320-6A85-BDA5-2797F5858327}
		{0C0472F6-FD52-A239-55ED-7B6CDC8679CC} = {A2F626F0-6522-7517-D7AB-1F443571A2F9}
		{0EDB8A04-CC43-4C28-9C44-D05A90539E3F} = {0C0472F6-FD52-A239-55ED-7B6CDC8679CC}
		{BC06BD5D-1152-4F99-7320-AC2F2271AC3A} = {76A1FCC3-9044-4479-B36E-EC77A8972FA8}
		{82393D83-026D-4751-AEE0-9CF4FF298442} = {BC06BD5D-1152-4F99-7320-AC2F2271AC3A}
	EndGlobalSection
EndGlobal
