
Microsoft Visual Studio Solution File, Format Version 12.00
# Visual Studio Version 17
VisualStudioVersion = 17.0.31903.59
MinimumVisualStudioVersion = 10.0.40219.1
Project("{2150E333-8FDC-42A3-9474-1A3956D46DE8}") = "src", "src", "{193AC262-7FBD-4653-86BA-24E2D81583F2}"
EndProject
Project("{FAE04EC0-301F-11D3-BF4B-00C04F79EFBC}") = "PcpGodotBridge", "src\PcpGodotBridge\PcpGodotBridge.csproj", "{2C5D133C-69DA-4A23-BBD7-D16FA5998BC8}"
EndProject
Project("{2150E333-8FDC-42A3-9474-1A3956D46DE8}") = "tests", "tests", "{83C66702-FBB5-41B1-AD6F-023250846211}"
EndProject
Project("{FAE04EC0-301F-11D3-BF4B-00C04F79EFBC}") = "PcpGodotBridge.Tests", "tests\PcpGodotBridge.Tests\PcpGodotBridge.Tests.csproj", "{AB1A0E48-D661-4884-8B02-B8EAC4122F09}"
EndProject
Global
	GlobalSection(SolutionConfigurationPlatforms) = preSolution
		Debug|Any CPU = Debug|Any CPU
		Release|Any CPU = Release|Any CPU
	EndGlobalSection
	GlobalSection(SolutionProperties) = preSolution
		HideSolutionNode = FALSE
	EndGlobalSection
	GlobalSection(ProjectConfigurationPlatforms) = postSolution
		{2C5D133C-69DA-4A23-BBD7-D16FA5998BC8}.Debug|Any CPU.ActiveCfg = Debug|Any CPU
		{2C5D133C-69DA-4A23-BBD7-D16FA5998BC8}.Debug|Any CPU.Build.0 = Debug|Any CPU
		{2C5D133C-69DA-4A23-BBD7-D16FA5998BC8}.Release|Any CPU.ActiveCfg = Release|Any CPU
		{2C5D133C-69DA-4A23-BBD7-D16FA5998BC8}.Release|Any CPU.Build.0 = Release|Any CPU
		{AB1A0E48-D661-4884-8B02-B8EAC4122F09}.Debug|Any CPU.ActiveCfg = Debug|Any CPU
		{AB1A0E48-D661-4884-8B02-B8EAC4122F09}.Debug|Any CPU.Build.0 = Debug|Any CPU
		{AB1A0E48-D661-4884-8B02-B8EAC4122F09}.Release|Any CPU.ActiveCfg = Release|Any CPU
		{AB1A0E48-D661-4884-8B02-B8EAC4122F09}.Release|Any CPU.Build.0 = Release|Any CPU
	EndGlobalSection
	GlobalSection(NestedProjects) = preSolution
		{2C5D133C-69DA-4A23-BBD7-D16FA5998BC8} = {193AC262-7FBD-4653-86BA-24E2D81583F2}
		{AB1A0E48-D661-4884-8B02-B8EAC4122F09} = {83C66702-FBB5-41B1-AD6F-023250846211}
	EndGlobalSection
EndGlobal
